
Microsoft Visual Studio Solution File, Format Version 12.00
# Visual Studio Version 16
VisualStudioVersion = 16.0.31624.102
MinimumVisualStudioVersion = 10.0.40219.1
Project("{FAE04EC0-301F-11D3-BF4B-00C04F79EFBC}") = "CleancodeTDDLab1", "CleancodeTDDLab1\CleancodeTDDLab1.csproj", "{0A3502C1-1B0D-4DA5-8267-ACDF13EF8929}"
EndProject
Global
	GlobalSection(SolutionConfigurationPlatforms) = preSolution
		Debug|Any CPU = Debug|Any CPU
		Release|Any CPU = Release|Any CPU
	EndGlobalSection
	GlobalSection(ProjectConfigurationPlatforms) = postSolution
		{0A3502C1-1B0D-4DA5-8267-ACDF13EF8929}.Debug|Any CPU.ActiveCfg = Debug|Any CPU
		{0A3502C1-1B0D-4DA5-8267-ACDF13EF8929}.Debug|Any CPU.Build.0 = Debug|Any CPU
		{0A3502C1-1B0D-4DA5-8267-ACDF13EF8929}.Release|Any CPU.ActiveCfg = Release|Any CPU
		{0A3502C1-1B0D-4DA5-8267-ACDF13EF8929}.Release|Any CPU.Build.0 = Release|Any CPU
	EndGlobalSection
	GlobalSection(SolutionProperties) = preSolution
		HideSolutionNode = FALSE
	EndGlobalSection
	GlobalSection(ExtensibilityGlobals) = postSolution
		SolutionGuid = {BD824723-1D6D-41BF-B0BE-37ED64B9864B}
	EndGlobalSection
EndGlobal
